
Microsoft Visual Studio Solution File, Format Version 12.00
# Visual Studio Version 16
VisualStudioVersion = 16.0.31727.386
MinimumVisualStudioVersion = 10.0.40219.1
Project("{FAE04EC0-301F-11D3-BF4B-00C04F79EFBC}") = "AppReclama.UWP", "AppReclama\AppReclama.UWP\AppReclama.UWP.csproj", "{28C8922A-EDE3-4AA7-A624-3391CF3A7FD5}"
EndProject
Project("{FAE04EC0-301F-11D3-BF4B-00C04F79EFBC}") = "AppReclama.Android", "AppReclama\AppReclama.Android\AppReclama.Android.csproj", "{079C839E-DBDE-47F9-ADFE-B4E9D86CD6D7}"
EndProject
Project("{FAE04EC0-301F-11D3-BF4B-00C04F79EFBC}") = "AppReclama.iOS", "AppReclama\AppReclama.iOS\AppReclama.iOS.csproj", "{2951B489-AED5-4DB7-B8DC-E85B66BAC601}"
EndProject
Project("{FAE04EC0-301F-11D3-BF4B-00C04F79EFBC}") = "AppReclama", "AppReclama\AppReclama\AppReclama.csproj", "{B663E0E9-C03A-4381-AB19-DCAFAAAD8F85}"
EndProject
Global
	GlobalSection(SolutionConfigurationPlatforms) = preSolution
		Debug|Any CPU = Debug|Any CPU
		Debug|ARM = Debug|ARM
		Debug|iPhone = Debug|iPhone
		Debug|iPhoneSimulator = Debug|iPhoneSimulator
		Debug|x64 = Debug|x64
		Debug|x86 = Debug|x86
		Release|Any CPU = Release|Any CPU
		Release|ARM = Release|ARM
		Release|iPhone = Release|iPhone
		Release|iPhoneSimulator = Release|iPhoneSimulator
		Release|x64 = Release|x64
		Release|x86 = Release|x86
	EndGlobalSection
	GlobalSection(ProjectConfigurationPlatforms) = postSolution
		{28C8922A-EDE3-4AA7-A624-3391CF3A7FD5}.Debug|Any CPU.ActiveCfg = Debug|x86
		{28C8922A-EDE3-4AA7-A624-3391CF3A7FD5}.Debug|Any CPU.Build.0 = Debug|x86
		{28C8922A-EDE3-4AA7-A624-3391CF3A7FD5}.Debug|Any CPU.Deploy.0 = Debug|x86
		{28C8922A-EDE3-4AA7-A624-3391CF3A7FD5}.Debug|ARM.ActiveCfg = Debug|ARM
		{28C8922A-EDE3-4AA7-A624-3391CF3A7FD5}.Debug|ARM.Build.0 = Debug|ARM
		{28C8922A-EDE3-4AA7-A624-3391CF3A7FD5}.Debug|ARM.Deploy.0 = Debug|ARM
		{28C8922A-EDE3-4AA7-A624-3391CF3A7FD5}.Debug|iPhone.ActiveCfg = Debug|x86
		{28C8922A-EDE3-4AA7-A624-3391CF3A7FD5}.Debug|iPhone.Build.0 = Debug|x86
		{28C8922A-EDE3-4AA7-A624-3391CF3A7FD5}.Debug|iPhone.Deploy.0 = Debug|x86
		{28C8922A-EDE3-4AA7-A624-3391CF3A7FD5}.Debug|iPhoneSimulator.ActiveCfg = Debug|x86
		{28C8922A-EDE3-4AA7-A624-3391CF3A7FD5}.Debug|iPhoneSimulator.Build.0 = Debug|x86
		{28C8922A-EDE3-4AA7-A624-3391CF3A7FD5}.Debug|iPhoneSimulator.Deploy.0 = Debug|x86
		{28C8922A-EDE3-4AA7-A624-3391CF3A7FD5}.Debug|x64.ActiveCfg = Debug|x64
		{28C8922A-EDE3-4AA7-A624-3391CF3A7FD5}.Debug|x64.Build.0 = Debug|x64
		{28C8922A-EDE3-4AA7-A624-3391CF3A7FD5}.Debug|x64.Deploy.0 = Debug|x64
		{28C8922A-EDE3-4AA7-A624-3391CF3A7FD5}.Debug|x86.ActiveCfg = Debug|x86
		{28C8922A-EDE3-4AA7-A624-3391CF3A7FD5}.Debug|x86.Build.0 = Debug|x86
		{28C8922A-EDE3-4AA7-A624-3391CF3A7FD5}.Debug|x86.Deploy.0 = Debug|x86
		{28C8922A-EDE3-4AA7-A624-3391CF3A7FD5}.Release|Any CPU.ActiveCfg = Release|x86
		{28C8922A-EDE3-4AA7-A624-3391CF3A7FD5}.Release|Any CPU.Build.0 = Release|x86
		{28C8922A-EDE3-4AA7-A624-3391CF3A7FD5}.Release|Any CPU.Deploy.0 = Release|x86
		{28C8922A-EDE3-4AA7-A624-3391CF3A7FD5}.Release|ARM.ActiveCfg = Release|ARM
		{28C8922A-EDE3-4AA7-A624-3391CF3A7FD5}.Release|ARM.Build.0 = Release|ARM
		{28C8922A-EDE3-4AA7-A624-3391CF3A7FD5}.Release|ARM.Deploy.0 = Release|ARM
		{28C8922A-EDE3-4AA7-A624-3391CF3A7FD5}.Release|iPhone.ActiveCfg = Release|x86
		{28C8922A-EDE3-4AA7-A624-3391CF3A7FD5}.Release|iPhone.Build.0 = Release|x86
		{28C8922A-EDE3-4AA7-A624-3391CF3A7FD5}.Release|iPhone.Deploy.0 = Release|x86
		{28C8922A-EDE3-4AA7-A624-3391CF3A7FD5}.Release|iPhoneSimulator.ActiveCfg = Release|x86
		{28C8922A-EDE3-4AA7-A624-3391CF3A7FD5}.Release|iPhoneSimulator.Build.0 = Release|x86
		{28C8922A-EDE3-4AA7-A624-3391CF3A7FD5}.Release|iPhoneSimulator.Deploy.0 = Release|x86
		{28C8922A-EDE3-4AA7-A624-3391CF3A7FD5}.Release|x64.ActiveCfg = Release|x64
		{28C8922A-EDE3-4AA7-A624-3391CF3A7FD5}.Release|x64.Build.0 = Release|x64
		{28C8922A-EDE3-4AA7-A624-3391CF3A7FD5}.Release|x64.Deploy.0 = Release|x64
		{28C8922A-EDE3-4AA7-A624-3391CF3A7FD5}.Release|x86.ActiveCfg = Release|x86
		{28C8922A-EDE3-4AA7-A624-3391CF3A7FD5}.Release|x86.Build.0 = Release|x86
		{28C8922A-EDE3-4AA7-A624-3391CF3A7FD5}.Release|x86.Deploy.0 = Release|x86
		{079C839E-DBDE-47F9-ADFE-B4E9D86CD6D7}.Debug|Any CPU.ActiveCfg = Debug|Any CPU
		{079C839E-DBDE-47F9-ADFE-B4E9D86CD6D7}.Debug|Any CPU.Build.0 = Debug|Any CPU
		{079C839E-DBDE-47F9-ADFE-B4E9D86CD6D7}.Debug|Any CPU.Deploy.0 = Debug|Any CPU
		{079C839E-DBDE-47F9-ADFE-B4E9D86CD6D7}.Debug|ARM.ActiveCfg = Debug|Any CPU
		{079C839E-DBDE-47F9-ADFE-B4E9D86CD6D7}.Debug|ARM.Build.0 = Debug|Any CPU
		{079C839E-DBDE-47F9-ADFE-B4E9D86CD6D7}.Debug|ARM.Deploy.0 = Debug|Any CPU
		{079C839E-DBDE-47F9-ADFE-B4E9D86CD6D7}.Debug|iPhone.ActiveCfg = Debug|Any CPU
		{079C839E-DBDE-47F9-ADFE-B4E9D86CD6D7}.Debug|iPhone.Build.0 = Debug|Any CPU
		{079C839E-DBDE-47F9-ADFE-B4E9D86CD6D7}.Debug|iPhone.Deploy.0 = Debug|Any CPU
		{079C839E-DBDE-47F9-ADFE-B4E9D86CD6D7}.Debug|iPhoneSimulator.ActiveCfg = Debug|Any CPU
		{079C839E-DBDE-47F9-ADFE-B4E9D86CD6D7}.Debug|iPhoneSimulator.Build.0 = Debug|Any CPU
		{079C839E-DBDE-47F9-ADFE-B4E9D86CD6D7}.Debug|iPhoneSimulator.Deploy.0 = Debug|Any CPU
		{079C839E-DBDE-47F9-ADFE-B4E9D86CD6D7}.Debug|x64.ActiveCfg = Debug|Any CPU
		{079C839E-DBDE-47F9-ADFE-B4E9D86CD6D7}.Debug|x64.Build.0 = Debug|Any CPU
		{079C839E-DBDE-47F9-ADFE-B4E9D86CD6D7}.Debug|x64.Deploy.0 = Debug|Any CPU
		{079C839E-DBDE-47F9-ADFE-B4E9D86CD6D7}.Debug|x86.ActiveCfg = Debug|Any CPU
		{079C839E-DBDE-47F9-ADFE-B4E9D86CD6D7}.Debug|x86.Build.0 = Debug|Any CPU
		{079C839E-DBDE-47F9-ADFE-B4E9D86CD6D7}.Debug|x86.Deploy.0 = Debug|Any CPU
		{079C839E-DBDE-47F9-ADFE-B4E9D86CD6D7}.Release|Any CPU.ActiveCfg = Release|Any CPU
		{079C839E-DBDE-47F9-ADFE-B4E9D86CD6D7}.Release|Any CPU.Build.0 = Release|Any CPU
		{079C839E-DBDE-47F9-ADFE-B4E9D86CD6D7}.Release|Any CPU.Deploy.0 = Release|Any CPU
		{079C839E-DBDE-47F9-ADFE-B4E9D86CD6D7}.Release|ARM.ActiveCfg = Release|Any CPU
		{079C839E-DBDE-47F9-ADFE-B4E9D86CD6D7}.Release|ARM.Build.0 = Release|Any CPU
		{079C839E-DBDE-47F9-ADFE-B4E9D86CD6D7}.Release|ARM.Deploy.0 = Release|Any CPU
		{079C839E-DBDE-47F9-ADFE-B4E9D86CD6D7}.Release|iPhone.ActiveCfg = Release|Any CPU
		{079C839E-DBDE-47F9-ADFE-B4E9D86CD6D7}.Release|iPhone.Build.0 = Release|Any CPU
		{079C839E-DBDE-47F9-ADFE-B4E9D86CD6D7}.Release|iPhone.Deploy.0 = Release|Any CPU
		{079C839E-DBDE-47F9-ADFE-B4E9D86CD6D7}.Release|iPhoneSimulator.ActiveCfg = Release|Any CPU
		{079C839E-DBDE-47F9-ADFE-B4E9D86CD6D7}.Release|iPhoneSimulator.Build.0 = Release|Any CPU
		{079C839E-DBDE-47F9-ADFE-B4E9D86CD6D7}.Release|iPhoneSimulator.Deploy.0 = Release|Any CPU
		{079C839E-DBDE-47F9-ADFE-B4E9D86CD6D7}.Release|x64.ActiveCfg = Release|Any CPU
		{079C839E-DBDE-47F9-ADFE-B4E9D86CD6D7}.Release|x64.Build.0 = Release|Any CPU
		{079C839E-DBDE-47F9-ADFE-B4E9D86CD6D7}.Release|x64.Deploy.0 = Release|Any CPU
		{079C839E-DBDE-47F9-ADFE-B4E9D86CD6D7}.Release|x86.ActiveCfg = Release|Any CPU
		{079C839E-DBDE-47F9-ADFE-B4E9D86CD6D7}.Release|x86.Build.0 = Release|Any CPU
		{079C839E-DBDE-47F9-ADFE-B4E9D86CD6D7}.Release|x86.Deploy.0 = Release|Any CPU
		{2951B489-AED5-4DB7-B8DC-E85B66BAC601}.Debug|Any CPU.ActiveCfg = Debug|iPhoneSimulator
		{2951B489-AED5-4DB7-B8DC-E85B66BAC601}.Debug|Any CPU.Build.0 = Debug|iPhoneSimulator
		{2951B489-AED5-4DB7-B8DC-E85B66BAC601}.Debug|Any CPU.Deploy.0 = Debug|iPhoneSimulator
		{2951B489-AED5-4DB7-B8DC-E85B66BAC601}.Debug|ARM.ActiveCfg = Debug|iPhone
		{2951B489-AED5-4DB7-B8DC-E85B66BAC601}.Debug|ARM.Build.0 = Debug|iPhone
		{2951B489-AED5-4DB7-B8DC-E85B66BAC601}.Debug|ARM.Deploy.0 = Debug|iPhone
		{2951B489-AED5-4DB7-B8DC-E85B66BAC601}.Debug|iPhone.ActiveCfg = Debug|iPhone
		{2951B489-AED5-4DB7-B8DC-E85B66BAC601}.Debug|iPhone.Build.0 = Debug|iPhone
		{2951B489-AED5-4DB7-B8DC-E85B66BAC601}.Debug|iPhone.Deploy.0 = Debug|iPhone
		{2951B489-AED5-4DB7-B8DC-E85B66BAC601}.Debug|iPhoneSimulator.ActiveCfg = Debug|iPhoneSimulator
		{2951B489-AED5-4DB7-B8DC-E85B66BAC601}.Debug|iPhoneSimulator.Build.0 = Debug|iPhoneSimulator
		{2951B489-AED5-4DB7-B8DC-E85B66BAC601}.Debug|iPhoneSimulator.Deploy.0 = Debug|iPhoneSimulator
		{2951B489-AED5-4DB7-B8DC-E85B66BAC601}.Debug|x64.ActiveCfg = Debug|iPhoneSimulator
		{2951B489-AED5-4DB7-B8DC-E85B66BAC601}.Debug|x64.Build.0 = Debug|iPhoneSimulator
		{2951B489-AED5-4DB7-B8DC-E85B66BAC601}.Debug|x64.Deploy.0 = Debug|iPhoneSimulator
		{2951B489-AED5-4DB7-B8DC-E85B66BAC601}.Debug|x86.ActiveCfg = Debug|iPhoneSimulator
		{2951B489-AED5-4DB7-B8DC-E85B66BAC601}.Debug|x86.Build.0 = Debug|iPhoneSimulator
		{2951B489-AED5-4DB7-B8DC-E85B66BAC601}.Debug|x86.Deploy.0 = Debug|iPhoneSimulator
		{2951B489-AED5-4DB7-B8DC-E85B66BAC601}.Release|Any CPU.ActiveCfg = Release|iPhoneSimulator
		{2951B489-AED5-4DB7-B8DC-E85B66BAC601}.Release|Any CPU.Build.0 = Release|iPhoneSimulator
		{2951B489-AED5-4DB7-B8DC-E85B66BAC601}.Release|Any CPU.Deploy.0 = Release|iPhoneSimulator
		{2951B489-AED5-4DB7-B8DC-E85B66BAC601}.Release|ARM.ActiveCfg = Release|iPhoneSimulator
		{2951B489-AED5-4DB7-B8DC-E85B66BAC601}.Release|ARM.Build.0 = Release|iPhoneSimulator
		{2951B489-AED5-4DB7-B8DC-E85B66BAC601}.Release|ARM.Deploy.0 = Release|iPhoneSimulator
		{2951B489-AED5-4DB7-B8DC-E85B66BAC601}.Release|iPhone.ActiveCfg = Release|iPhone
		{2951B489-AED5-4DB7-B8DC-E85B66BAC601}.Release|iPhone.Build.0 = Release|iPhone
		{2951B489-AED5-4DB7-B8DC-E85B66BAC601}.Release|iPhone.Deploy.0 = Release|iPhone
		{2951B489-AED5-4DB7-B8DC-E85B66BAC601}.Release|iPhoneSimulator.ActiveCfg = Release|iPhoneSimulator
		{2951B489-AED5-4DB7-B8DC-E85B66BAC601}.Release|iPhoneSimulator.Build.0 = Release|iPhoneSimulator
		{2951B489-AED5-4DB7-B8DC-E85B66BAC601}.Release|iPhoneSimulator.Deploy.0 = Release|iPhoneSimulator
		{2951B489-AED5-4DB7-B8DC-E85B66BAC601}.Release|x64.ActiveCfg = Release|iPhoneSimulator
		{2951B489-AED5-4DB7-B8DC-E85B66BAC601}.Release|x64.Build.0 = Release|iPhoneSimulator
		{2951B489-AED5-4DB7-B8DC-E85B66BAC601}.Release|x64.Deploy.0 = Release|iPhoneSimulator
		{2951B489-AED5-4DB7-B8DC-E85B66BAC601}.Release|x86.ActiveCfg = Release|iPhoneSimulator
		{2951B489-AED5-4DB7-B8DC-E85B66BAC601}.Release|x86.Build.0 = Release|iPhoneSimulator
		{2951B489-AED5-4DB7-B8DC-E85B66BAC601}.Release|x86.Deploy.0 = Release|iPhoneSimulator
		{B663E0E9-C03A-4381-AB19-DCAFAAAD8F85}.Debug|Any CPU.ActiveCfg = Debug|Any CPU
		{B663E0E9-C03A-4381-AB19-DCAFAAAD8F85}.Debug|Any CPU.Build.0 = Debug|Any CPU
		{B663E0E9-C03A-4381-AB19-DCAFAAAD8F85}.Debug|Any CPU.Deploy.0 = Debug|Any CPU
		{B663E0E9-C03A-4381-AB19-DCAFAAAD8F85}.Debug|ARM.ActiveCfg = Debug|Any CPU
		{B663E0E9-C03A-4381-AB19-DCAFAAAD8F85}.Debug|ARM.Build.0 = Debug|Any CPU
		{B663E0E9-C03A-4381-AB19-DCAFAAAD8F85}.Debug|ARM.Deploy.0 = Debug|Any CPU
		{B663E0E9-C03A-4381-AB19-DCAFAAAD8F85}.Debug|iPhone.ActiveCfg = Debug|Any CPU
		{B663E0E9-C03A-4381-AB19-DCAFAAAD8F85}.Debug|iPhone.Build.0 = Debug|Any CPU
		{B663E0E9-C03A-4381-AB19-DCAFAAAD8F85}.Debug|iPhone.Deploy.0 = Debug|Any CPU
		{B663E0E9-C03A-4381-AB19-DCAFAAAD8F85}.Debug|iPhoneSimulator.ActiveCfg = Debug|Any CPU
		{B663E0E9-C03A-4381-AB19-DCAFAAAD8F85}.Debug|iPhoneSimulator.Build.0 = Debug|Any CPU
		{B663E0E9-C03A-4381-AB19-DCAFAAAD8F85}.Debug|iPhoneSimulator.Deploy.0 = Debug|Any CPU
		{B663E0E9-C03A-4381-AB19-DCAFAAAD8F85}.Debug|x64.ActiveCfg = Debug|Any CPU
		{B663E0E9-C03A-4381-AB19-DCAFAAAD8F85}.Debug|x64.Build.0 = Debug|Any CPU
		{B663E0E9-C03A-4381-AB19-DCAFAAAD8F85}.Debug|x64.Deploy.0 = Debug|Any CPU
		{B663E0E9-C03A-4381-AB19-DCAFAAAD8F85}.Debug|x86.ActiveCfg = Debug|Any CPU
		{B663E0E9-C03A-4381-AB19-DCAFAAAD8F85}.Debug|x86.Build.0 = Debug|Any CPU
		{B663E0E9-C03A-4381-AB19-DCAFAAAD8F85}.Debug|x86.Deploy.0 = Debug|Any CPU
		{B663E0E9-C03A-4381-AB19-DCAFAAAD8F85}.Release|Any CPU.ActiveCfg = Release|Any CPU
		{B663E0E9-C03A-4381-AB19-DCAFAAAD8F85}.Release|Any CPU.Build.0 = Release|Any CPU
		{B663E0E9-C03A-4381-AB19-DCAFAAAD8F85}.Release|Any CPU.Deploy.0 = Release|Any CPU
		{B663E0E9-C03A-4381-AB19-DCAFAAAD8F85}.Release|ARM.ActiveCfg = Release|Any CPU
		{B663E0E9-C03A-4381-AB19-DCAFAAAD8F85}.Release|ARM.Build.0 = Release|Any CPU
		{B663E0E9-C03A-4381-AB19-DCAFAAAD8F85}.Release|ARM.Deploy.0 = Release|Any CPU
		{B663E0E9-C03A-4381-AB19-DCAFAAAD8F85}.Release|iPhone.ActiveCfg = Release|Any CPU
		{B663E0E9-C03A-4381-AB19-DCAFAAAD8F85}.Release|iPhone.Build.0 = Release|Any CPU
		{B663E0E9-C03A-4381-AB19-DCAFAAAD8F85}.Release|iPhone.Deploy.0 = Release|Any CPU
		{B663E0E9-C03A-4381-AB19-DCAFAAAD8F85}.Release|iPhoneSimulator.ActiveCfg = Release|Any CPU
		{B663E0E9-C03A-4381-AB19-DCAFAAAD8F85}.Release|iPhoneSimulator.Build.0 = Release|Any CPU
		{B663E0E9-C03A-4381-AB19-DCAFAAAD8F85}.Release|iPhoneSimulator.Deploy.0 = Release|Any CPU
		{B663E0E9-C03A-4381-AB19-DCAFAAAD8F85}.Release|x64.ActiveCfg = Release|Any CPU
		{B663E0E9-C03A-4381-AB19-DCAFAAAD8F85}.Release|x64.Build.0 = Release|Any CPU
		{B663E0E9-C03A-4381-AB19-DCAFAAAD8F85}.Release|x64.Deploy.0 = Release|Any CPU
		{B663E0E9-C03A-4381-AB19-DCAFAAAD8F85}.Release|x86.ActiveCfg = Release|Any CPU
		{B663E0E9-C03A-4381-AB19-DCAFAAAD8F85}.Release|x86.Build.0 = Release|Any CPU
		{B663E0E9-C03A-4381-AB19-DCAFAAAD8F85}.Release|x86.Deploy.0 = Release|Any CPU
	EndGlobalSection
	GlobalSection(SolutionProperties) = preSolution
		HideSolutionNode = FALSE
	EndGlobalSection
	GlobalSection(ExtensibilityGlobals) = postSolution
		SolutionGuid = {C834B2AC-883C-4D87-B6CC-164EC153D711}
	EndGlobalSection
EndGlobal
